
Microsoft Visual Studio Solution File, Format Version 11.00
# Visual Studio 2010
Project("{FAE04EC0-301F-11D3-BF4B-00C04F79EFBC}") = "TfsAccSwitch", "TfsAccSwitch\TfsAccSwitch.csproj", "{A74AB0E6-E3D8-4694-8BD7-F711E0A94446}"
EndProject
Project("{FAE04EC0-301F-11D3-BF4B-00C04F79EFBC}") = "TfsAccSwitch_IntegrationTests", "TfsAccSwitch\TfsAccSwitch_IntegrationTests\TfsAccSwitch_IntegrationTests.csproj", "{9CD474B5-68CA-4059-BD31-CC94B095DBE8}"
EndProject
Project("{2150E333-8FDC-42A3-9474-1A3956D46DE8}") = "Solution Items", "Solution Items", "{A2B3DE5F-7885-4B66-A9AC-7048F5E9F0FB}"
	ProjectSection(SolutionItems) = preProject
		IntegrationTests.testsettings = IntegrationTests.testsettings
		UnitTests.testsettings = UnitTests.testsettings
	EndProjectSection
EndProject
Project("{FAE04EC0-301F-11D3-BF4B-00C04F79EFBC}") = "TfsAccSwitch_UnitTests", "TfsAccSwitch\TfsAccSwitch_UnitTests\TfsAccSwitch_UnitTests.csproj", "{D5E11735-2655-43D6-809E-15EB39ABE875}"
EndProject
Project("{FAE04EC0-301F-11D3-BF4B-00C04F79EFBC}") = "TfsAccSwitchVSIX", "TfsAccSwitchVSIX\TfsAccSwitchVSIX.csproj", "{85779F60-F010-4939-A19F-EC4AB004B0C0}"
EndProject
Global
	GlobalSection(SolutionConfigurationPlatforms) = preSolution
		Debug|Any CPU = Debug|Any CPU
		Release|Any CPU = Release|Any CPU
	EndGlobalSection
	GlobalSection(ProjectConfigurationPlatforms) = postSolution
		{A74AB0E6-E3D8-4694-8BD7-F711E0A94446}.Debug|Any CPU.ActiveCfg = Debug|Any CPU
		{A74AB0E6-E3D8-4694-8BD7-F711E0A94446}.Debug|Any CPU.Build.0 = Debug|Any CPU
		{A74AB0E6-E3D8-4694-8BD7-F711E0A94446}.Release|Any CPU.ActiveCfg = Release|Any CPU
		{A74AB0E6-E3D8-4694-8BD7-F711E0A94446}.Release|Any CPU.Build.0 = Release|Any CPU
		{9CD474B5-68CA-4059-BD31-CC94B095DBE8}.Debug|Any CPU.ActiveCfg = Debug|Any CPU
		{9CD474B5-68CA-4059-BD31-CC94B095DBE8}.Debug|Any CPU.Build.0 = Debug|Any CPU
		{9CD474B5-68CA-4059-BD31-CC94B095DBE8}.Release|Any CPU.ActiveCfg = Release|Any CPU
		{9CD474B5-68CA-4059-BD31-CC94B095DBE8}.Release|Any CPU.Build.0 = Release|Any CPU
		{D5E11735-2655-43D6-809E-15EB39ABE875}.Debug|Any CPU.ActiveCfg = Debug|Any CPU
		{D5E11735-2655-43D6-809E-15EB39ABE875}.Debug|Any CPU.Build.0 = Debug|Any CPU
		{D5E11735-2655-43D6-809E-15EB39ABE875}.Release|Any CPU.ActiveCfg = Release|Any CPU
		{D5E11735-2655-43D6-809E-15EB39ABE875}.Release|Any CPU.Build.0 = Release|Any CPU
		{85779F60-F010-4939-A19F-EC4AB004B0C0}.Debug|Any CPU.ActiveCfg = Debug|Any CPU
		{85779F60-F010-4939-A19F-EC4AB004B0C0}.Debug|Any CPU.Build.0 = Debug|Any CPU
		{85779F60-F010-4939-A19F-EC4AB004B0C0}.Release|Any CPU.ActiveCfg = Release|Any CPU
		{85779F60-F010-4939-A19F-EC4AB004B0C0}.Release|Any CPU.Build.0 = Release|Any CPU
	EndGlobalSection
	GlobalSection(SolutionProperties) = preSolution
		HideSolutionNode = FALSE
	EndGlobalSection
EndGlobal
